
Microsoft Visual Studio Solution File, Format Version 12.00
# Visual Studio Version 17
VisualStudioVersion = 17.0.31903.59
MinimumVisualStudioVersion = 10.0.40219.1
Project("{2150E333-8FDC-42A3-9474-1A3956D46DE8}") = "src", "src", "{48D2FCC6-9A27-482B-8E04-9B1BF6D19B50}"
EndProject
Project("{FAE04EC0-301F-11D3-BF4B-00C04F79EFBC}") = "Portfolio.Api", "src\Portfolio.Api\Portfolio.Api.csproj", "{0C9626DA-473F-49E3-A244-DAA510917162}"
EndProject
Project("{2150E333-8FDC-42A3-9474-1A3956D46DE8}") = "tests", "tests", "{438F2740-F7F1-4314-AEC1-FF9DF577321B}"
EndProject
Project("{FAE04EC0-301F-11D3-BF4B-00C04F79EFBC}") = "Portfolio.Api.Tests", "tests\Portfolio.Api.Tests\Portfolio.Api.Tests.csproj", "{C0819DF8-C181-4220-A082-2E1DA68566EF}"
EndProject
Global
	GlobalSection(SolutionConfigurationPlatforms) = preSolution
		Debug|Any CPU = Debug|Any CPU
		Release|Any CPU = Release|Any CPU
	EndGlobalSection
	GlobalSection(SolutionProperties) = preSolution
		HideSolutionNode = FALSE
	EndGlobalSection
	GlobalSection(ProjectConfigurationPlatforms) = postSolution
		{0C9626DA-473F-49E3-A244-DAA510917162}.Debug|Any CPU.ActiveCfg = Debug|Any CPU
		{0C9626DA-473F-49E3-A244-DAA510917162}.Debug|Any CPU.Build.0 = Debug|Any CPU
		{0C9626DA-473F-49E3-A244-DAA510917162}.Release|Any CPU.ActiveCfg = Release|Any CPU
		{0C9626DA-473F-49E3-A244-DAA510917162}.Release|Any CPU.Build.0 = Release|Any CPU
		{C0819DF8-C181-4220-A082-2E1DA68566EF}.Debug|Any CPU.ActiveCfg = Debug|Any CPU
		{C0819DF8-C181-4220-A082-2E1DA68566EF}.Debug|Any CPU.Build.0 = Debug|Any CPU
		{C0819DF8-C181-4220-A082-2E1DA68566EF}.Release|Any CPU.ActiveCfg = Release|Any CPU
		{C0819DF8-C181-4220-A082-2E1DA68566EF}.Release|Any CPU.Build.0 = Release|Any CPU
	EndGlobalSection
	GlobalSection(NestedProjects) = preSolution
		{0C9626DA-473F-49E3-A244-DAA510917162} = {48D2FCC6-9A27-482B-8E04-9B1BF6D19B50}
		{C0819DF8-C181-4220-A082-2E1DA68566EF} = {438F2740-F7F1-4314-AEC1-FF9DF577321B}
	EndGlobalSection
EndGlobal
